// !$*UTF8*$!
{
	archiveVersion = 1;
	classes = {
	};
	objectVersion = 56;
	objects = {

/* Begin PBXBuildFile section */
		9A1DC1512AC01B7300AFA5CB /* FindStudentIdView.swift in Sources */ = {isa = PBXBuildFile; fileRef = 9A1DC1502AC01B7300AFA5CB /* FindStudentIdView.swift */; };
		9A1DC1532AC01B7C00AFA5CB /* ResetPasswordView.swift in Sources */ = {isa = PBXBuildFile; fileRef = 9A1DC1522AC01B7C00AFA5CB /* ResetPasswordView.swift */; };
		9A1DC1552AC01B8A00AFA5CB /* JoinView.swift in Sources */ = {isa = PBXBuildFile; fileRef = 9A1DC1542AC01B8A00AFA5CB /* JoinView.swift */; };
		9A1DC15A2AC02A1600AFA5CB /* ResetPasswordPopup.swift in Sources */ = {isa = PBXBuildFile; fileRef = 9A1DC1592AC02A1600AFA5CB /* ResetPasswordPopup.swift */; };
		9A1DC15C2AC02DBA00AFA5CB /* AttendanceView.swift in Sources */ = {isa = PBXBuildFile; fileRef = 9A1DC15B2AC02DBA00AFA5CB /* AttendanceView.swift */; };
		9A1DC15E2AC02DCA00AFA5CB /* MyRecordView.swift in Sources */ = {isa = PBXBuildFile; fileRef = 9A1DC15D2AC02DCA00AFA5CB /* MyRecordView.swift */; };
		9A1DC1612AC0376300AFA5CB /* RecordDto.swift in Sources */ = {isa = PBXBuildFile; fileRef = 9A1DC1602AC0376300AFA5CB /* RecordDto.swift */; };
		9A443B832AC34A4F00A9E277 /* ResponseDataDto.swift in Sources */ = {isa = PBXBuildFile; fileRef = 9A443B822AC34A4F00A9E277 /* ResponseDataDto.swift */; };
		9A443B872AC350AA00A9E277 /* UserService.swift in Sources */ = {isa = PBXBuildFile; fileRef = 9A443B862AC350AA00A9E277 /* UserService.swift */; };
		9A767AC42ABC34C200AC4A71 /* autoCheckApp.swift in Sources */ = {isa = PBXBuildFile; fileRef = 9A767AC32ABC34C200AC4A71 /* autoCheckApp.swift */; };
		9A767AC62ABC34C200AC4A71 /* ContentView.swift in Sources */ = {isa = PBXBuildFile; fileRef = 9A767AC52ABC34C200AC4A71 /* ContentView.swift */; };
		9A767AC82ABC34C200AC4A71 /* Assets.xcassets in Resources */ = {isa = PBXBuildFile; fileRef = 9A767AC72ABC34C200AC4A71 /* Assets.xcassets */; };
		9A767ACB2ABC34C200AC4A71 /* Preview Assets.xcassets in Resources */ = {isa = PBXBuildFile; fileRef = 9A767ACA2ABC34C200AC4A71 /* Preview Assets.xcassets */; };
		9A767AD52ABC34C300AC4A71 /* autoCheckTests.swift in Sources */ = {isa = PBXBuildFile; fileRef = 9A767AD42ABC34C300AC4A71 /* autoCheckTests.swift */; };
		9A767ADF2ABC34C300AC4A71 /* autoCheckUITests.swift in Sources */ = {isa = PBXBuildFile; fileRef = 9A767ADE2ABC34C300AC4A71 /* autoCheckUITests.swift */; };
		9A767AE12ABC34C300AC4A71 /* autoCheckUITestsLaunchTests.swift in Sources */ = {isa = PBXBuildFile; fileRef = 9A767AE02ABC34C300AC4A71 /* autoCheckUITestsLaunchTests.swift */; };
		9A767AEF2ABC4D5D00AC4A71 /* ConnectBeacon.swift in Sources */ = {isa = PBXBuildFile; fileRef = 9A767AEE2ABC4D5D00AC4A71 /* ConnectBeacon.swift */; };
		9AA516EA2AC1CD9A00A96A32 /* LoginDto.swift in Sources */ = {isa = PBXBuildFile; fileRef = 9AA516E92AC1CD9A00A96A32 /* LoginDto.swift */; };
		9AA516ED2AC1CE0300A96A32 /* API_SET.swift in Sources */ = {isa = PBXBuildFile; fileRef = 9AA516EC2AC1CE0300A96A32 /* API_SET.swift */; };
		9AF7346D2ABDDCC3008C31F1 /* LoginView.swift in Sources */ = {isa = PBXBuildFile; fileRef = 9AF7346C2ABDDCC3008C31F1 /* LoginView.swift */; };
		9AF734702ABDE630008C31F1 /* Alamofire in Frameworks */ = {isa = PBXBuildFile; productRef = 9AF7346F2ABDE630008C31F1 /* Alamofire */; };
		9AF734722ABDE691008C31F1 /* SetConnect.swift in Sources */ = {isa = PBXBuildFile; fileRef = 9AF734712ABDE691008C31F1 /* SetConnect.swift */; };
		9AF734752ABDE6C2008C31F1 /* Alert.swift in Sources */ = {isa = PBXBuildFile; fileRef = 9AF734742ABDE6C2008C31F1 /* Alert.swift */; };
		9AF734782ABDE78B008C31F1 /* ValidityController.swift in Sources */ = {isa = PBXBuildFile; fileRef = 9AF734772ABDE78B008C31F1 /* ValidityController.swift */; };
		9AF7347A2ABDE86A008C31F1 /* LoginService.swift in Sources */ = {isa = PBXBuildFile; fileRef = 9AF734792ABDE86A008C31F1 /* LoginService.swift */; };
/* End PBXBuildFile section */

/* Begin PBXContainerItemProxy section */
		9A767AD12ABC34C300AC4A71 /* PBXContainerItemProxy */ = {
			isa = PBXContainerItemProxy;
			containerPortal = 9A767AB82ABC34C200AC4A71 /* Project object */;
			proxyType = 1;
			remoteGlobalIDString = 9A767ABF2ABC34C200AC4A71;
			remoteInfo = autoCheck;
		};
		9A767ADB2ABC34C300AC4A71 /* PBXContainerItemProxy */ = {
			isa = PBXContainerItemProxy;
			containerPortal = 9A767AB82ABC34C200AC4A71 /* Project object */;
			proxyType = 1;
			remoteGlobalIDString = 9A767ABF2ABC34C200AC4A71;
			remoteInfo = autoCheck;
		};
/* End PBXContainerItemProxy section */

/* Begin PBXFileReference section */
		9A1DC1502AC01B7300AFA5CB /* FindStudentIdView.swift */ = {isa = PBXFileReference; lastKnownFileType = sourcecode.swift; path = FindStudentIdView.swift; sourceTree = "<group>"; };
		9A1DC1522AC01B7C00AFA5CB /* ResetPasswordView.swift */ = {isa = PBXFileReference; lastKnownFileType = sourcecode.swift; path = ResetPasswordView.swift; sourceTree = "<group>"; };
		9A1DC1542AC01B8A00AFA5CB /* JoinView.swift */ = {isa = PBXFileReference; lastKnownFileType = sourcecode.swift; path = JoinView.swift; sourceTree = "<group>"; };
		9A1DC1592AC02A1600AFA5CB /* ResetPasswordPopup.swift */ = {isa = PBXFileReference; lastKnownFileType = sourcecode.swift; path = ResetPasswordPopup.swift; sourceTree = "<group>"; };
		9A1DC15B2AC02DBA00AFA5CB /* AttendanceView.swift */ = {isa = PBXFileReference; lastKnownFileType = sourcecode.swift; path = AttendanceView.swift; sourceTree = "<group>"; };
		9A1DC15D2AC02DCA00AFA5CB /* MyRecordView.swift */ = {isa = PBXFileReference; lastKnownFileType = sourcecode.swift; path = MyRecordView.swift; sourceTree = "<group>"; };
		9A1DC1602AC0376300AFA5CB /* RecordDto.swift */ = {isa = PBXFileReference; lastKnownFileType = sourcecode.swift; path = RecordDto.swift; sourceTree = "<group>"; };
		9A443B822AC34A4F00A9E277 /* ResponseDataDto.swift */ = {isa = PBXFileReference; lastKnownFileType = sourcecode.swift; path = ResponseDataDto.swift; sourceTree = "<group>"; };
		9A443B862AC350AA00A9E277 /* UserService.swift */ = {isa = PBXFileReference; lastKnownFileType = sourcecode.swift; path = UserService.swift; sourceTree = "<group>"; };
		9A767AC02ABC34C200AC4A71 /* autoCheck.app */ = {isa = PBXFileReference; explicitFileType = wrapper.application; includeInIndex = 0; path = autoCheck.app; sourceTree = BUILT_PRODUCTS_DIR; };
		9A767AC32ABC34C200AC4A71 /* autoCheckApp.swift */ = {isa = PBXFileReference; lastKnownFileType = sourcecode.swift; path = autoCheckApp.swift; sourceTree = "<group>"; };
		9A767AC52ABC34C200AC4A71 /* ContentView.swift */ = {isa = PBXFileReference; lastKnownFileType = sourcecode.swift; path = ContentView.swift; sourceTree = "<group>"; };
		9A767AC72ABC34C200AC4A71 /* Assets.xcassets */ = {isa = PBXFileReference; lastKnownFileType = folder.assetcatalog; path = Assets.xcassets; sourceTree = "<group>"; };
		9A767ACA2ABC34C200AC4A71 /* Preview Assets.xcassets */ = {isa = PBXFileReference; lastKnownFileType = folder.assetcatalog; path = "Preview Assets.xcassets"; sourceTree = "<group>"; };
		9A767AD02ABC34C300AC4A71 /* autoCheckTests.xctest */ = {isa = PBXFileReference; explicitFileType = wrapper.cfbundle; includeInIndex = 0; path = autoCheckTests.xctest; sourceTree = BUILT_PRODUCTS_DIR; };
		9A767AD42ABC34C300AC4A71 /* autoCheckTests.swift */ = {isa = PBXFileReference; lastKnownFileType = sourcecode.swift; path = autoCheckTests.swift; sourceTree = "<group>"; };
		9A767ADA2ABC34C300AC4A71 /* autoCheckUITests.xctest */ = {isa = PBXFileReference; explicitFileType = wrapper.cfbundle; includeInIndex = 0; path = autoCheckUITests.xctest; sourceTree = BUILT_PRODUCTS_DIR; };
		9A767ADE2ABC34C300AC4A71 /* autoCheckUITests.swift */ = {isa = PBXFileReference; lastKnownFileType = sourcecode.swift; path = autoCheckUITests.swift; sourceTree = "<group>"; };
		9A767AE02ABC34C300AC4A71 /* autoCheckUITestsLaunchTests.swift */ = {isa = PBXFileReference; lastKnownFileType = sourcecode.swift; path = autoCheckUITestsLaunchTests.swift; sourceTree = "<group>"; };
		9A767AEE2ABC4D5D00AC4A71 /* ConnectBeacon.swift */ = {isa = PBXFileReference; lastKnownFileType = sourcecode.swift; path = ConnectBeacon.swift; sourceTree = "<group>"; };
		9A923FDB2ABD5DDC0000E2FB /* Info.plist */ = {isa = PBXFileReference; lastKnownFileType = text.plist; path = Info.plist; sourceTree = "<group>"; };
		9AA516E92AC1CD9A00A96A32 /* LoginDto.swift */ = {isa = PBXFileReference; lastKnownFileType = sourcecode.swift; path = LoginDto.swift; sourceTree = "<group>"; };
		9AA516EC2AC1CE0300A96A32 /* API_SET.swift */ = {isa = PBXFileReference; lastKnownFileType = sourcecode.swift; path = API_SET.swift; sourceTree = "<group>"; };
		9AF7346C2ABDDCC3008C31F1 /* LoginView.swift */ = {isa = PBXFileReference; lastKnownFileType = sourcecode.swift; path = LoginView.swift; sourceTree = "<group>"; };
		9AF734712ABDE691008C31F1 /* SetConnect.swift */ = {isa = PBXFileReference; lastKnownFileType = sourcecode.swift; path = SetConnect.swift; sourceTree = "<group>"; };
		9AF734742ABDE6C2008C31F1 /* Alert.swift */ = {isa = PBXFileReference; lastKnownFileType = sourcecode.swift; path = Alert.swift; sourceTree = "<group>"; };
		9AF734772ABDE78B008C31F1 /* ValidityController.swift */ = {isa = PBXFileReference; lastKnownFileType = sourcecode.swift; path = ValidityController.swift; sourceTree = "<group>"; };
		9AF734792ABDE86A008C31F1 /* LoginService.swift */ = {isa = PBXFileReference; lastKnownFileType = sourcecode.swift; path = LoginService.swift; sourceTree = "<group>"; };
/* End PBXFileReference section */

/* Begin PBXFrameworksBuildPhase section */
		9A767ABD2ABC34C200AC4A71 /* Frameworks */ = {
			isa = PBXFrameworksBuildPhase;
			buildActionMask = 2147483647;
			files = (
				9AF734702ABDE630008C31F1 /* Alamofire in Frameworks */,
			);
			runOnlyForDeploymentPostprocessing = 0;
		};
		9A767ACD2ABC34C300AC4A71 /* Frameworks */ = {
			isa = PBXFrameworksBuildPhase;
			buildActionMask = 2147483647;
			files = (
			);
			runOnlyForDeploymentPostprocessing = 0;
		};
		9A767AD72ABC34C300AC4A71 /* Frameworks */ = {
			isa = PBXFrameworksBuildPhase;
			buildActionMask = 2147483647;
			files = (
			);
			runOnlyForDeploymentPostprocessing = 0;
		};
/* End PBXFrameworksBuildPhase section */

/* Begin PBXGroup section */
		9A1CC1222ABC586700830016 /* beacon */ = {
			isa = PBXGroup;
			children = (
				9A767AEE2ABC4D5D00AC4A71 /* ConnectBeacon.swift */,
			);
			path = beacon;
			sourceTree = "<group>";
		};
		9A1DC14F2AC01B6200AFA5CB /* user */ = {
			isa = PBXGroup;
			children = (
				9A1DC1502AC01B7300AFA5CB /* FindStudentIdView.swift */,
				9A1DC1522AC01B7C00AFA5CB /* ResetPasswordView.swift */,
				9A1DC1542AC01B8A00AFA5CB /* JoinView.swift */,
				9A443B862AC350AA00A9E277 /* UserService.swift */,
			);
			path = user;
			sourceTree = "<group>";
		};
		9A1DC1582AC02A0700AFA5CB /* popup */ = {
			isa = PBXGroup;
			children = (
				9A1DC1592AC02A1600AFA5CB /* ResetPasswordPopup.swift */,
			);
			path = popup;
			sourceTree = "<group>";
		};
		9A1DC15F2AC0375400AFA5CB /* dto */ = {
			isa = PBXGroup;
			children = (
				9A1DC1602AC0376300AFA5CB /* RecordDto.swift */,
				9AA516E92AC1CD9A00A96A32 /* LoginDto.swift */,
				9A443B822AC34A4F00A9E277 /* ResponseDataDto.swift */,
			);
			path = dto;
			sourceTree = "<group>";
		};
		9A767AB72ABC34C200AC4A71 = {
			isa = PBXGroup;
			children = (
				9A767AC22ABC34C200AC4A71 /* autoCheck */,
				9A767AD32ABC34C300AC4A71 /* autoCheckTests */,
				9A767ADD2ABC34C300AC4A71 /* autoCheckUITests */,
				9A767AC12ABC34C200AC4A71 /* Products */,
			);
			sourceTree = "<group>";
		};
		9A767AC12ABC34C200AC4A71 /* Products */ = {
			isa = PBXGroup;
			children = (
				9A767AC02ABC34C200AC4A71 /* autoCheck.app */,
				9A767AD02ABC34C300AC4A71 /* autoCheckTests.xctest */,
				9A767ADA2ABC34C300AC4A71 /* autoCheckUITests.xctest */,
			);
			name = Products;
			sourceTree = "<group>";
		};
		9A767AC22ABC34C200AC4A71 /* autoCheck */ = {
			isa = PBXGroup;
			children = (
				9A1DC15F2AC0375400AFA5CB /* dto */,
				9A1DC1582AC02A0700AFA5CB /* popup */,
				9A1DC14F2AC01B6200AFA5CB /* user */,
				9AF7346B2ABDDCB4008C31F1 /* login */,
				9A923FDB2ABD5DDC0000E2FB /* Info.plist */,
				9A767AED2ABC4D4F00AC4A71 /* util */,
				9A767AC32ABC34C200AC4A71 /* autoCheckApp.swift */,
				9A767AC52ABC34C200AC4A71 /* ContentView.swift */,
				9A767AC72ABC34C200AC4A71 /* Assets.xcassets */,
				9A767AC92ABC34C200AC4A71 /* Preview Content */,
				9A1DC15B2AC02DBA00AFA5CB /* AttendanceView.swift */,
				9A1DC15D2AC02DCA00AFA5CB /* MyRecordView.swift */,
			);
			path = autoCheck;
			sourceTree = "<group>";
		};
		9A767AC92ABC34C200AC4A71 /* Preview Content */ = {
			isa = PBXGroup;
			children = (
				9A767ACA2ABC34C200AC4A71 /* Preview Assets.xcassets */,
			);
			path = "Preview Content";
			sourceTree = "<group>";
		};
		9A767AD32ABC34C300AC4A71 /* autoCheckTests */ = {
			isa = PBXGroup;
			children = (
				9A767AD42ABC34C300AC4A71 /* autoCheckTests.swift */,
			);
			path = autoCheckTests;
			sourceTree = "<group>";
		};
		9A767ADD2ABC34C300AC4A71 /* autoCheckUITests */ = {
			isa = PBXGroup;
			children = (
				9A767ADE2ABC34C300AC4A71 /* autoCheckUITests.swift */,
				9A767AE02ABC34C300AC4A71 /* autoCheckUITestsLaunchTests.swift */,
			);
			path = autoCheckUITests;
			sourceTree = "<group>";
		};
		9A767AED2ABC4D4F00AC4A71 /* util */ = {
			isa = PBXGroup;
			children = (
				9AA516EB2AC1CDF800A96A32 /* connect */,
				9AF734762ABDE775008C31F1 /* valid */,
				9AF734732ABDE6B4008C31F1 /* alert */,
				9A1CC1222ABC586700830016 /* beacon */,
				9AF734712ABDE691008C31F1 /* SetConnect.swift */,
			);
			path = util;
			sourceTree = "<group>";
		};
		9AA516EB2AC1CDF800A96A32 /* connect */ = {
			isa = PBXGroup;
			children = (
				9AA516EC2AC1CE0300A96A32 /* API_SET.swift */,
			);
			path = connect;
			sourceTree = "<group>";
		};
		9AF7346B2ABDDCB4008C31F1 /* login */ = {
			isa = PBXGroup;
			children = (
				9AF7346C2ABDDCC3008C31F1 /* LoginView.swift */,
				9AF734792ABDE86A008C31F1 /* LoginService.swift */,
			);
			path = login;
			sourceTree = "<group>";
		};
		9AF734732ABDE6B4008C31F1 /* alert */ = {
			isa = PBXGroup;
			children = (
				9AF734742ABDE6C2008C31F1 /* Alert.swift */,
			);
			path = alert;
			sourceTree = "<group>";
		};
		9AF734762ABDE775008C31F1 /* valid */ = {
			isa = PBXGroup;
			children = (
				9AF734772ABDE78B008C31F1 /* ValidityController.swift */,
			);
			path = valid;
			sourceTree = "<group>";
		};
/* End PBXGroup section */

/* Begin PBXNativeTarget section */
		9A767ABF2ABC34C200AC4A71 /* autoCheck */ = {
			isa = PBXNativeTarget;
			buildConfigurationList = 9A767AE42ABC34C300AC4A71 /* Build configuration list for PBXNativeTarget "autoCheck" */;
			buildPhases = (
				9A767ABC2ABC34C200AC4A71 /* Sources */,
				9A767ABD2ABC34C200AC4A71 /* Frameworks */,
				9A767ABE2ABC34C200AC4A71 /* Resources */,
			);
			buildRules = (
			);
			dependencies = (
			);
			name = autoCheck;
			packageProductDependencies = (
				9AF7346F2ABDE630008C31F1 /* Alamofire */,
			);
			productName = autoCheck;
			productReference = 9A767AC02ABC34C200AC4A71 /* autoCheck.app */;
			productType = "com.apple.product-type.application";
		};
		9A767ACF2ABC34C300AC4A71 /* autoCheckTests */ = {
			isa = PBXNativeTarget;
			buildConfigurationList = 9A767AE72ABC34C300AC4A71 /* Build configuration list for PBXNativeTarget "autoCheckTests" */;
			buildPhases = (
				9A767ACC2ABC34C300AC4A71 /* Sources */,
				9A767ACD2ABC34C300AC4A71 /* Frameworks */,
				9A767ACE2ABC34C300AC4A71 /* Resources */,
			);
			buildRules = (
			);
			dependencies = (
				9A767AD22ABC34C300AC4A71 /* PBXTargetDependency */,
			);
			name = autoCheckTests;
			productName = autoCheckTests;
			productReference = 9A767AD02ABC34C300AC4A71 /* autoCheckTests.xctest */;
			productType = "com.apple.product-type.bundle.unit-test";
		};
		9A767AD92ABC34C300AC4A71 /* autoCheckUITests */ = {
			isa = PBXNativeTarget;
			buildConfigurationList = 9A767AEA2ABC34C300AC4A71 /* Build configuration list for PBXNativeTarget "autoCheckUITests" */;
			buildPhases = (
				9A767AD62ABC34C300AC4A71 /* Sources */,
				9A767AD72ABC34C300AC4A71 /* Frameworks */,
				9A767AD82ABC34C300AC4A71 /* Resources */,
			);
			buildRules = (
			);
			dependencies = (
				9A767ADC2ABC34C300AC4A71 /* PBXTargetDependency */,
			);
			name = autoCheckUITests;
			productName = autoCheckUITests;
			productReference = 9A767ADA2ABC34C300AC4A71 /* autoCheckUITests.xctest */;
			productType = "com.apple.product-type.bundle.ui-testing";
		};
/* End PBXNativeTarget section */

/* Begin PBXProject section */
		9A767AB82ABC34C200AC4A71 /* Project object */ = {
			isa = PBXProject;
			attributes = {
				BuildIndependentTargetsInParallel = 1;
				LastSwiftUpdateCheck = 1430;
				LastUpgradeCheck = 1430;
				TargetAttributes = {
					9A767ABF2ABC34C200AC4A71 = {
						CreatedOnToolsVersion = 14.3.1;
					};
					9A767ACF2ABC34C300AC4A71 = {
						CreatedOnToolsVersion = 14.3.1;
						TestTargetID = 9A767ABF2ABC34C200AC4A71;
					};
					9A767AD92ABC34C300AC4A71 = {
						CreatedOnToolsVersion = 14.3.1;
						TestTargetID = 9A767ABF2ABC34C200AC4A71;
					};
				};
			};
			buildConfigurationList = 9A767ABB2ABC34C200AC4A71 /* Build configuration list for PBXProject "autoCheck" */;
			compatibilityVersion = "Xcode 14.0";
			developmentRegion = en;
			hasScannedForEncodings = 0;
			knownRegions = (
				en,
				Base,
			);
			mainGroup = 9A767AB72ABC34C200AC4A71;
			packageReferences = (
				9AF7346E2ABDE630008C31F1 /* XCRemoteSwiftPackageReference "Alamofire" */,
			);
			productRefGroup = 9A767AC12ABC34C200AC4A71 /* Products */;
			projectDirPath = "";
			projectRoot = "";
			targets = (
				9A767ABF2ABC34C200AC4A71 /* autoCheck */,
				9A767ACF2ABC34C300AC4A71 /* autoCheckTests */,
				9A767AD92ABC34C300AC4A71 /* autoCheckUITests */,
			);
		};
/* End PBXProject section */

/* Begin PBXResourcesBuildPhase section */
		9A767ABE2ABC34C200AC4A71 /* Resources */ = {
			isa = PBXResourcesBuildPhase;
			buildActionMask = 2147483647;
			files = (
				9A767ACB2ABC34C200AC4A71 /* Preview Assets.xcassets in Resources */,
				9A767AC82ABC34C200AC4A71 /* Assets.xcassets in Resources */,
			);
			runOnlyForDeploymentPostprocessing = 0;
		};
		9A767ACE2ABC34C300AC4A71 /* Resources */ = {
			isa = PBXResourcesBuildPhase;
			buildActionMask = 2147483647;
			files = (
			);
			runOnlyForDeploymentPostprocessing = 0;
		};
		9A767AD82ABC34C300AC4A71 /* Resources */ = {
			isa = PBXResourcesBuildPhase;
			buildActionMask = 2147483647;
			files = (
			);
			runOnlyForDeploymentPostprocessing = 0;
		};
/* End PBXResourcesBuildPhase section */

/* Begin PBXSourcesBuildPhase section */
		9A767ABC2ABC34C200AC4A71 /* Sources */ = {
			isa = PBXSourcesBuildPhase;
			buildActionMask = 2147483647;
			files = (
				9A1DC15C2AC02DBA00AFA5CB /* AttendanceView.swift in Sources */,
				9A1DC1552AC01B8A00AFA5CB /* JoinView.swift in Sources */,
				9AF734752ABDE6C2008C31F1 /* Alert.swift in Sources */,
				9A767AC62ABC34C200AC4A71 /* ContentView.swift in Sources */,
				9A1DC1532AC01B7C00AFA5CB /* ResetPasswordView.swift in Sources */,
				9A767AC42ABC34C200AC4A71 /* autoCheckApp.swift in Sources */,
				9A1DC15A2AC02A1600AFA5CB /* ResetPasswordPopup.swift in Sources */,
				9A1DC15E2AC02DCA00AFA5CB /* MyRecordView.swift in Sources */,
				9AF734722ABDE691008C31F1 /* SetConnect.swift in Sources */,
				9AA516EA2AC1CD9A00A96A32 /* LoginDto.swift in Sources */,
				9A443B832AC34A4F00A9E277 /* ResponseDataDto.swift in Sources */,
				9AF734782ABDE78B008C31F1 /* ValidityController.swift in Sources */,
				9AF7346D2ABDDCC3008C31F1 /* LoginView.swift in Sources */,
				9A443B872AC350AA00A9E277 /* UserService.swift in Sources */,
				9AA516ED2AC1CE0300A96A32 /* API_SET.swift in Sources */,
				9A1DC1612AC0376300AFA5CB /* RecordDto.swift in Sources */,
				9A767AEF2ABC4D5D00AC4A71 /* ConnectBeacon.swift in Sources */,
				9AF7347A2ABDE86A008C31F1 /* LoginService.swift in Sources */,
				9A1DC1512AC01B7300AFA5CB /* FindStudentIdView.swift in Sources */,
			);
			runOnlyForDeploymentPostprocessing = 0;
		};
		9A767ACC2ABC34C300AC4A71 /* Sources */ = {
			isa = PBXSourcesBuildPhase;
			buildActionMask = 2147483647;
			files = (
				9A767AD52ABC34C300AC4A71 /* autoCheckTests.swift in Sources */,
			);
			runOnlyForDeploymentPostprocessing = 0;
		};
		9A767AD62ABC34C300AC4A71 /* Sources */ = {
			isa = PBXSourcesBuildPhase;
			buildActionMask = 2147483647;
			files = (
				9A767AE12ABC34C300AC4A71 /* autoCheckUITestsLaunchTests.swift in Sources */,
				9A767ADF2ABC34C300AC4A71 /* autoCheckUITests.swift in Sources */,
			);
			runOnlyForDeploymentPostprocessing = 0;
		};
/* End PBXSourcesBuildPhase section */

/* Begin PBXTargetDependency section */
		9A767AD22ABC34C300AC4A71 /* PBXTargetDependency */ = {
			isa = PBXTargetDependency;
			target = 9A767ABF2ABC34C200AC4A71 /* autoCheck */;
			targetProxy = 9A767AD12ABC34C300AC4A71 /* PBXContainerItemProxy */;
		};
		9A767ADC2ABC34C300AC4A71 /* PBXTargetDependency */ = {
			isa = PBXTargetDependency;
			target = 9A767ABF2ABC34C200AC4A71 /* autoCheck */;
			targetProxy = 9A767ADB2ABC34C300AC4A71 /* PBXContainerItemProxy */;
		};
/* End PBXTargetDependency section */

/* Begin XCBuildConfiguration section */
		9A767AE22ABC34C300AC4A71 /* Debug */ = {
			isa = XCBuildConfiguration;
			buildSettings = {
				ALWAYS_SEARCH_USER_PATHS = NO;
				CLANG_ANALYZER_NONNULL = YES;
				CLANG_ANALYZER_NUMBER_OBJECT_CONVERSION = YES_AGGRESSIVE;
				CLANG_CXX_LANGUAGE_STANDARD = "gnu++20";
				CLANG_ENABLE_MODULES = YES;
				CLANG_ENABLE_OBJC_ARC = YES;
				CLANG_ENABLE_OBJC_WEAK = YES;
				CLANG_WARN_BLOCK_CAPTURE_AUTORELEASING = YES;
				CLANG_WARN_BOOL_CONVERSION = YES;
				CLANG_WARN_COMMA = YES;
				CLANG_WARN_CONSTANT_CONVERSION = YES;
				CLANG_WARN_DEPRECATED_OBJC_IMPLEMENTATIONS = YES;
				CLANG_WARN_DIRECT_OBJC_ISA_USAGE = YES_ERROR;
				CLANG_WARN_DOCUMENTATION_COMMENTS = YES;
				CLANG_WARN_EMPTY_BODY = YES;
				CLANG_WARN_ENUM_CONVERSION = YES;
				CLANG_WARN_INFINITE_RECURSION = YES;
				CLANG_WARN_INT_CONVERSION = YES;
				CLANG_WARN_NON_LITERAL_NULL_CONVERSION = YES;
				CLANG_WARN_OBJC_IMPLICIT_RETAIN_SELF = YES;
				CLANG_WARN_OBJC_LITERAL_CONVERSION = YES;
				CLANG_WARN_OBJC_ROOT_CLASS = YES_ERROR;
				CLANG_WARN_QUOTED_INCLUDE_IN_FRAMEWORK_HEADER = YES;
				CLANG_WARN_RANGE_LOOP_ANALYSIS = YES;
				CLANG_WARN_STRICT_PROTOTYPES = YES;
				CLANG_WARN_SUSPICIOUS_MOVE = YES;
				CLANG_WARN_UNGUARDED_AVAILABILITY = YES_AGGRESSIVE;
				CLANG_WARN_UNREACHABLE_CODE = YES;
				CLANG_WARN__DUPLICATE_METHOD_MATCH = YES;
				COPY_PHASE_STRIP = NO;
				DEBUG_INFORMATION_FORMAT = dwarf;
				ENABLE_STRICT_OBJC_MSGSEND = YES;
				ENABLE_TESTABILITY = YES;
				GCC_C_LANGUAGE_STANDARD = gnu11;
				GCC_DYNAMIC_NO_PIC = NO;
				GCC_NO_COMMON_BLOCKS = YES;
				GCC_OPTIMIZATION_LEVEL = 0;
				GCC_PREPROCESSOR_DEFINITIONS = (
					"DEBUG=1",
					"$(inherited)",
				);
				GCC_WARN_64_TO_32_BIT_CONVERSION = YES;
				GCC_WARN_ABOUT_RETURN_TYPE = YES_ERROR;
				GCC_WARN_UNDECLARED_SELECTOR = YES;
				GCC_WARN_UNINITIALIZED_AUTOS = YES_AGGRESSIVE;
				GCC_WARN_UNUSED_FUNCTION = YES;
				GCC_WARN_UNUSED_VARIABLE = YES;
				IPHONEOS_DEPLOYMENT_TARGET = 16.4;
				MTL_ENABLE_DEBUG_INFO = INCLUDE_SOURCE;
				MTL_FAST_MATH = YES;
				ONLY_ACTIVE_ARCH = YES;
				SDKROOT = iphoneos;
				SWIFT_ACTIVE_COMPILATION_CONDITIONS = DEBUG;
				SWIFT_OPTIMIZATION_LEVEL = "-Onone";
			};
			name = Debug;
		};
		9A767AE32ABC34C300AC4A71 /* Release */ = {
			isa = XCBuildConfiguration;
			buildSettings = {
				ALWAYS_SEARCH_USER_PATHS = NO;
				CLANG_ANALYZER_NONNULL = YES;
				CLANG_ANALYZER_NUMBER_OBJECT_CONVERSION = YES_AGGRESSIVE;
				CLANG_CXX_LANGUAGE_STANDARD = "gnu++20";
				CLANG_ENABLE_MODULES = YES;
				CLANG_ENABLE_OBJC_ARC = YES;
				CLANG_ENABLE_OBJC_WEAK = YES;
				CLANG_WARN_BLOCK_CAPTURE_AUTORELEASING = YES;
				CLANG_WARN_BOOL_CONVERSION = YES;
				CLANG_WARN_COMMA = YES;
				CLANG_WARN_CONSTANT_CONVERSION = YES;
				CLANG_WARN_DEPRECATED_OBJC_IMPLEMENTATIONS = YES;
				CLANG_WARN_DIRECT_OBJC_ISA_USAGE = YES_ERROR;
				CLANG_WARN_DOCUMENTATION_COMMENTS = YES;
				CLANG_WARN_EMPTY_BODY = YES;
				CLANG_WARN_ENUM_CONVERSION = YES;
				CLANG_WARN_INFINITE_RECURSION = YES;
				CLANG_WARN_INT_CONVERSION = YES;
				CLANG_WARN_NON_LITERAL_NULL_CONVERSION = YES;
				CLANG_WARN_OBJC_IMPLICIT_RETAIN_SELF = YES;
				CLANG_WARN_OBJC_LITERAL_CONVERSION = YES;
				CLANG_WARN_OBJC_ROOT_CLASS = YES_ERROR;
				CLANG_WARN_QUOTED_INCLUDE_IN_FRAMEWORK_HEADER = YES;
				CLANG_WARN_RANGE_LOOP_ANALYSIS = YES;
				CLANG_WARN_STRICT_PROTOTYPES = YES;
				CLANG_WARN_SUSPICIOUS_MOVE = YES;
				CLANG_WARN_UNGUARDED_AVAILABILITY = YES_AGGRESSIVE;
				CLANG_WARN_UNREACHABLE_CODE = YES;
				CLANG_WARN__DUPLICATE_METHOD_MATCH = YES;
				COPY_PHASE_STRIP = NO;
				DEBUG_INFORMATION_FORMAT = "dwarf-with-dsym";
				ENABLE_NS_ASSERTIONS = NO;
				ENABLE_STRICT_OBJC_MSGSEND = YES;
				GCC_C_LANGUAGE_STANDARD = gnu11;
				GCC_NO_COMMON_BLOCKS = YES;
				GCC_WARN_64_TO_32_BIT_CONVERSION = YES;
				GCC_WARN_ABOUT_RETURN_TYPE = YES_ERROR;
				GCC_WARN_UNDECLARED_SELECTOR = YES;
				GCC_WARN_UNINITIALIZED_AUTOS = YES_AGGRESSIVE;
				GCC_WARN_UNUSED_FUNCTION = YES;
				GCC_WARN_UNUSED_VARIABLE = YES;
				IPHONEOS_DEPLOYMENT_TARGET = 16.4;
				MTL_ENABLE_DEBUG_INFO = NO;
				MTL_FAST_MATH = YES;
				SDKROOT = iphoneos;
				SWIFT_COMPILATION_MODE = wholemodule;
				SWIFT_OPTIMIZATION_LEVEL = "-O";
				VALIDATE_PRODUCT = YES;
			};
			name = Release;
		};
		9A767AE52ABC34C300AC4A71 /* Debug */ = {
			isa = XCBuildConfiguration;
			buildSettings = {
				ASSETCATALOG_COMPILER_APPICON_NAME = AppIcon;
				ASSETCATALOG_COMPILER_GLOBAL_ACCENT_COLOR_NAME = AccentColor;
				CODE_SIGN_STYLE = Automatic;
				CURRENT_PROJECT_VERSION = 1;
				DEVELOPMENT_ASSET_PATHS = "\"autoCheck/Preview Content\"";
				DEVELOPMENT_TEAM = KP5Q6WM79X;
				ENABLE_PREVIEWS = YES;
				GENERATE_INFOPLIST_FILE = YES;
				INFOPLIST_FILE = autoCheck/Info.plist;
				INFOPLIST_KEY_CFBundleDisplayName = "";
				INFOPLIST_KEY_NSBluetoothPeripheralUsageDescription = "";
				INFOPLIST_KEY_NSLocationAlwaysAndWhenInUseUsageDescription = "";
				INFOPLIST_KEY_NSLocationAlwaysUsageDescription = "";
				INFOPLIST_KEY_NSLocationWhenInUseUsageDescription = "";
				INFOPLIST_KEY_UIApplicationSceneManifest_Generation = YES;
				INFOPLIST_KEY_UILaunchScreen_Generation = YES;
				INFOPLIST_KEY_UISupportedInterfaceOrientations_iPad = "UIInterfaceOrientationPortrait UIInterfaceOrientationPortrait UIInterfaceOrientationPortraitUpsideDown UIInterfaceOrientationLandscapeLeft UIInterfaceOrientationLandscapeRight";
				INFOPLIST_KEY_UISupportedInterfaceOrientations_iPhone = "UIInterfaceOrientationPortrait UIInterfaceOrientationPortrait UIInterfaceOrientationLandscapeLeft UIInterfaceOrientationLandscapeRight";
				LD_RUNPATH_SEARCH_PATHS = (
					"$(inherited)",
					"@executable_path/Frameworks",
				);
				MARKETING_VERSION = 1.0;
				PRODUCT_BUNDLE_IDENTIFIER = com.ysu.project.autoCheck;
				PRODUCT_NAME = "$(TARGET_NAME)";
				SWIFT_EMIT_LOC_STRINGS = YES;
				SWIFT_VERSION = 5.0;
				TARGETED_DEVICE_FAMILY = "1,2";
			};
			name = Debug;
		};
		9A767AE62ABC34C300AC4A71 /* Release */ = {
			isa = XCBuildConfiguration;
			buildSettings = {
				ASSETCATALOG_COMPILER_APPICON_NAME = AppIcon;
				ASSETCATALOG_COMPILER_GLOBAL_ACCENT_COLOR_NAME = AccentColor;
				CODE_SIGN_STYLE = Automatic;
				CURRENT_PROJECT_VERSION = 1;
				DEVELOPMENT_ASSET_PATHS = "\"autoCheck/Preview Content\"";
				DEVELOPMENT_TEAM = KP5Q6WM79X;
				ENABLE_PREVIEWS = YES;
				GENERATE_INFOPLIST_FILE = YES;
				INFOPLIST_FILE = autoCheck/Info.plist;
				INFOPLIST_KEY_CFBundleDisplayName = "";
				INFOPLIST_KEY_NSBluetoothPeripheralUsageDescription = "";
				INFOPLIST_KEY_NSLocationAlwaysAndWhenInUseUsageDescription = "";
				INFOPLIST_KEY_NSLocationAlwaysUsageDescription = "";
				INFOPLIST_KEY_NSLocationWhenInUseUsageDescription = "";
				INFOPLIST_KEY_UIApplicationSceneManifest_Generation = YES;
				INFOPLIST_KEY_UILaunchScreen_Generation = YES;
				INFOPLIST_KEY_UISupportedInterfaceOrientations_iPad = "UIInterfaceOrientationPortrait UIInterfaceOrientationPortrait UIInterfaceOrientationPortraitUpsideDown UIInterfaceOrientationLandscapeLeft UIInterfaceOrientationLandscapeRight";
				INFOPLIST_KEY_UISupportedInterfaceOrientations_iPhone = "UIInterfaceOrientationPortrait UIInterfaceOrientationPortrait UIInterfaceOrientationLandscapeLeft UIInterfaceOrientationLandscapeRight";
				LD_RUNPATH_SEARCH_PATHS = (
					"$(inherited)",
					"@executable_path/Frameworks",
				);
				MARKETING_VERSION = 1.0;
				PRODUCT_BUNDLE_IDENTIFIER = com.ysu.project.autoCheck;
				PRODUCT_NAME = "$(TARGET_NAME)";
				SWIFT_EMIT_LOC_STRINGS = YES;
				SWIFT_VERSION = 5.0;
				TARGETED_DEVICE_FAMILY = "1,2";
			};
			name = Release;
		};
		9A767AE82ABC34C300AC4A71 /* Debug */ = {
			isa = XCBuildConfiguration;
			buildSettings = {
				ALWAYS_EMBED_SWIFT_STANDARD_LIBRARIES = YES;
				BUNDLE_LOADER = "$(TEST_HOST)";
				CODE_SIGN_STYLE = Automatic;
				CURRENT_PROJECT_VERSION = 1;
				GENERATE_INFOPLIST_FILE = YES;
				IPHONEOS_DEPLOYMENT_TARGET = 16.4;
				MARKETING_VERSION = 1.0;
				PRODUCT_BUNDLE_IDENTIFIER = com.ysu.project.autoCheckTests;
				PRODUCT_NAME = "$(TARGET_NAME)";
				SWIFT_EMIT_LOC_STRINGS = NO;
				SWIFT_VERSION = 5.0;
				TARGETED_DEVICE_FAMILY = "1,2";
				TEST_HOST = "$(BUILT_PRODUCTS_DIR)/autoCheck.app/$(BUNDLE_EXECUTABLE_FOLDER_PATH)/autoCheck";
			};
			name = Debug;
		};
		9A767AE92ABC34C300AC4A71 /* Release */ = {
			isa = XCBuildConfiguration;
			buildSettings = {
				ALWAYS_EMBED_SWIFT_STANDARD_LIBRARIES = YES;
				BUNDLE_LOADER = "$(TEST_HOST)";
				CODE_SIGN_STYLE = Automatic;
				CURRENT_PROJECT_VERSION = 1;
				GENERATE_INFOPLIST_FILE = YES;
				IPHONEOS_DEPLOYMENT_TARGET = 16.4;
				MARKETING_VERSION = 1.0;
				PRODUCT_BUNDLE_IDENTIFIER = com.ysu.project.autoCheckTests;
				PRODUCT_NAME = "$(TARGET_NAME)";
				SWIFT_EMIT_LOC_STRINGS = NO;
				SWIFT_VERSION = 5.0;
				TARGETED_DEVICE_FAMILY = "1,2";
				TEST_HOST = "$(BUILT_PRODUCTS_DIR)/autoCheck.app/$(BUNDLE_EXECUTABLE_FOLDER_PATH)/autoCheck";
			};
			name = Release;
		};
		9A767AEB2ABC34C300AC4A71 /* Debug */ = {
			isa = XCBuildConfiguration;
			buildSettings = {
				ALWAYS_EMBED_SWIFT_STANDARD_LIBRARIES = YES;
				CODE_SIGN_STYLE = Automatic;
				CURRENT_PROJECT_VERSION = 1;
				GENERATE_INFOPLIST_FILE = YES;
				MARKETING_VERSION = 1.0;
				PRODUCT_BUNDLE_IDENTIFIER = com.ysu.project.autoCheckUITests;
				PRODUCT_NAME = "$(TARGET_NAME)";
				SWIFT_EMIT_LOC_STRINGS = NO;
				SWIFT_VERSION = 5.0;
				TARGETED_DEVICE_FAMILY = "1,2";
				TEST_TARGET_NAME = autoCheck;
			};
			name = Debug;
		};
		9A767AEC2ABC34C300AC4A71 /* Release */ = {
			isa = XCBuildConfiguration;
			buildSettings = {
				ALWAYS_EMBED_SWIFT_STANDARD_LIBRARIES = YES;
				CODE_SIGN_STYLE = Automatic;
				CURRENT_PROJECT_VERSION = 1;
				GENERATE_INFOPLIST_FILE = YES;
				MARKETING_VERSION = 1.0;
				PRODUCT_BUNDLE_IDENTIFIER = com.ysu.project.autoCheckUITests;
				PRODUCT_NAME = "$(TARGET_NAME)";
				SWIFT_EMIT_LOC_STRINGS = NO;
				SWIFT_VERSION = 5.0;
				TARGETED_DEVICE_FAMILY = "1,2";
				TEST_TARGET_NAME = autoCheck;
			};
			name = Release;
		};
/* End XCBuildConfiguration section */

/* Begin XCConfigurationList section */
		9A767ABB2ABC34C200AC4A71 /* Build configuration list for PBXProject "autoCheck" */ = {
			isa = XCConfigurationList;
			buildConfigurations = (
				9A767AE22ABC34C300AC4A71 /* Debug */,
				9A767AE32ABC34C300AC4A71 /* Release */,
			);
			defaultConfigurationIsVisible = 0;
			defaultConfigurationName = Release;
		};
		9A767AE42ABC34C300AC4A71 /* Build configuration list for PBXNativeTarget "autoCheck" */ = {
			isa = XCConfigurationList;
			buildConfigurations = (
				9A767AE52ABC34C300AC4A71 /* Debug */,
				9A767AE62ABC34C300AC4A71 /* Release */,
			);
			defaultConfigurationIsVisible = 0;
			defaultConfigurationName = Release;
		};
		9A767AE72ABC34C300AC4A71 /* Build configuration list for PBXNativeTarget "autoCheckTests" */ = {
			isa = XCConfigurationList;
			buildConfigurations = (
				9A767AE82ABC34C300AC4A71 /* Debug */,
				9A767AE92ABC34C300AC4A71 /* Release */,
			);
			defaultConfigurationIsVisible = 0;
			defaultConfigurationName = Release;
		};
		9A767AEA2ABC34C300AC4A71 /* Build configuration list for PBXNativeTarget "autoCheckUITests" */ = {
			isa = XCConfigurationList;
			buildConfigurations = (
				9A767AEB2ABC34C300AC4A71 /* Debug */,
				9A767AEC2ABC34C300AC4A71 /* Release */,
			);
			defaultConfigurationIsVisible = 0;
			defaultConfigurationName = Release;
		};
/* End XCConfigurationList section */

/* Begin XCRemoteSwiftPackageReference section */
		9AF7346E2ABDE630008C31F1 /* XCRemoteSwiftPackageReference "Alamofire" */ = {
			isa = XCRemoteSwiftPackageReference;
			repositoryURL = "https://github.com/Alamofire/Alamofire.git";
			requirement = {
				kind = upToNextMajorVersion;
				minimumVersion = 5.8.0;
			};
		};
/* End XCRemoteSwiftPackageReference section */

/* Begin XCSwiftPackageProductDependency section */
		9AF7346F2ABDE630008C31F1 /* Alamofire */ = {
			isa = XCSwiftPackageProductDependency;
			package = 9AF7346E2ABDE630008C31F1 /* XCRemoteSwiftPackageReference "Alamofire" */;
			productName = Alamofire;
		};
/* End XCSwiftPackageProductDependency section */
	};
	rootObject = 9A767AB82ABC34C200AC4A71 /* Project object */;
}
